
Microsoft Visual Studio Solution File, Format Version 12.00
# Visual Studio Version 17
VisualStudioVersion = 17.7.34024.191
MinimumVisualStudioVersion = 10.0.40219.1
Project("{FAE04EC0-301F-11D3-BF4B-00C04F79EFBC}") = "pazienti", "pazienti.csproj", "{3F522A0A-9152-4C69-9669-21A07A430D08}"
EndProject
Global
	GlobalSection(SolutionConfigurationPlatforms) = preSolution
		Debug|Any CPU = Debug|Any CPU
		Release|Any CPU = Release|Any CPU
	EndGlobalSection
	GlobalSection(ProjectConfigurationPlatforms) = postSolution
		{3F522A0A-9152-4C69-9669-21A07A430D08}.Debug|Any CPU.ActiveCfg = Debug|Any CPU
		{3F522A0A-9152-4C69-9669-21A07A430D08}.Debug|Any CPU.Build.0 = Debug|Any CPU
		{3F522A0A-9152-4C69-9669-21A07A430D08}.Release|Any CPU.ActiveCfg = Release|Any CPU
		{3F522A0A-9152-4C69-9669-21A07A430D08}.Release|Any CPU.Build.0 = Release|Any CPU
	EndGlobalSection
	GlobalSection(SolutionProperties) = preSolution
		HideSolutionNode = FALSE
	EndGlobalSection
	GlobalSection(ExtensibilityGlobals) = postSolution
		SolutionGuid = {085C75E3-7845-47F8-A73E-C996D05E9C97}
	EndGlobalSection
EndGlobal
